[[package]]
category = "main"
description = "File support for asyncio."
name = "aiofiles"
optional = false
python-versions = "*"
version = "0.4.0"

[[package]]
category = "main"
description = "An unobtrusive argparse wrapper with natural syntax"
name = "argh"
optional = false
python-versions = "*"
version = "0.26.2"

[[package]]
category = "main"
description = "Screen-scraping library"
name = "beautifulsoup4"
optional = false
python-versions = "*"
version = "4.8.0"

[package.dependencies]
soupsieve = ">=1.2"

[[package]]
category = "main"
description = "Python package for providing Mozilla's CA Bundle."
name = "certifi"
optional = false
python-versions = "*"
version = "2019.6.16"

[[package]]
category = "main"
description = "Universal encoding detector for Python 2 and 3"
name = "chardet"
optional = false
python-versions = "*"
version = "3.0.4"

[[package]]
category = "main"
description = "A collection of framework independent HTTP protocol utils."
name = "httptools"
optional = false
python-versions = "*"
version = "0.0.13"

[[package]]
category = "main"
description = "Internationalized Domain Names in Applications (IDNA)"
name = "idna"
optional = false
python-versions = ">=2.7, !=3.0.*, !=3.1.*, !=3.2.*, !=3.3.*"
version = "2.8"

[[package]]
category = "main"
description = "Determine the key of an audio file"
name = "keyfinder"
optional = false
python-versions = "*"
version = "1.1.0"

[[package]]
category = "main"
description = "multidict implementation"
name = "multidict"
optional = false
python-versions = ">=3.4.1"
version = "4.5.2"

[[package]]
category = "main"
description = "read and write audio tags for many formats"
name = "mutagen"
optional = false
python-versions = "*"
version = "1.42.0"

[[package]]
category = "main"
description = "File system general utilities"
name = "pathtools"
optional = false
python-versions = "*"
version = "0.1.2"

[[package]]
category = "main"
description = "Python Imaging Library (Fork)"
name = "pillow"
optional = false
python-versions = ">=2.7, !=3.0.*, !=3.1.*, !=3.2.*, !=3.3.*"
version = "5.4.1"

[[package]]
category = "main"
description = "YAML parser and emitter for Python"
name = "pyyaml"
optional = false
python-versions = ">=2.7, !=3.0.*, !=3.1.*, !=3.2.*, !=3.3.*"
version = "5.1.2"

[[package]]
category = "main"
description = "Python HTTP for Humans."
name = "requests"
optional = false
python-versions = ">=2.7, !=3.0.*, !=3.1.*, !=3.2.*, !=3.3.*, !=3.4.*"
version = "2.22.0"

[package.dependencies]
certifi = ">=2017.4.17"
chardet = ">=3.0.2,<3.1.0"
idna = ">=2.5,<2.9"
urllib3 = ">=1.21.1,<1.25.0 || >1.25.0,<1.25.1 || >1.25.1,<1.26"

[[package]]
category = "main"
description = "A microframework based on uvloop, httptools, and learnings of flask"
name = "sanic"
optional = false
python-versions = "*"
version = "18.12.0"

[package.dependencies]
aiofiles = ">=0.3.0"
httptools = ">=0.0.10"
multidict = ">=4.0,<5.0"
ujson = ">=1.35"
uvloop = ">=0.5.3"
websockets = ">=6.0,<7.0"

[[package]]
category = "main"
description = "A Sanic extension adding a decorator for CORS support. Based on flask-cors by Cory Dolphin."
name = "sanic-cors"
optional = false
python-versions = "*"
version = "0.9.8.post3"

[package.dependencies]
sanic = ">=0.8.3"
sanic-plugins-framework = ">=0.8.2"

[[package]]
category = "main"
description = "Doing all of the boilerplate to create a Sanic Plugin, so you don't have to."
name = "sanic-plugins-framework"
optional = false
python-versions = "*"
version = "0.8.2"

[package.dependencies]
sanic = ">=0.8.3"

[[package]]
category = "main"
description = "Python client for Sentry (https://getsentry.com)"
name = "sentry-sdk"
optional = false
python-versions = "*"
version = "0.13.1"

[package.dependencies]
certifi = "*"
urllib3 = ">=1.10.0"

[[package]]
category = "main"
description = "A modern CSS selector implementation for Beautiful Soup."
name = "soupsieve"
optional = false
python-versions = "*"
version = "1.9.2"

[[package]]
category = "main"
description = "Database Abstraction Library"
name = "sqlalchemy"
optional = false
python-versions = ">=2.7, !=3.0.*, !=3.1.*, !=3.2.*, !=3.3.*"
version = "1.3.7"

[[package]]
category = "main"
description = "Ultra fast JSON encoder and decoder for Python"
marker = "sys_platform != \"win32\" and implementation_name == \"cpython\""
name = "ujson"
optional = false
python-versions = "*"
version = "1.35"

[[package]]
category = "main"
description = "HTTP library with thread-safe connection pooling, file post, and more."
name = "urllib3"
optional = false
python-versions = ">=2.7, !=3.0.*, !=3.1.*, !=3.2.*, !=3.3.*, <4"
version = "1.25.3"

[[package]]
category = "main"
description = "Fast implementation of asyncio event loop on top of libuv"
marker = "sys_platform != \"win32\" and implementation_name == \"cpython\""
name = "uvloop"
optional = false
python-versions = "*"
version = "0.13.0"

[[package]]
category = "main"
description = "Filesystem events monitoring"
name = "watchdog"
optional = false
python-versions = "*"
version = "0.9.0"

[package.dependencies]
PyYAML = ">=3.10"
argh = ">=0.24.1"
pathtools = ">=0.1.1"

[[package]]
category = "main"
description = "An implementation of the WebSocket Protocol (RFC 6455 & 7692)"
name = "websockets"
optional = false
python-versions = ">=3.4"
version = "6.0"

[metadata]
content-hash = "841b25e12b3dd5c87a7c3e266ebfef5277f470075c75694581edb361bc15c7eb"
python-versions = "^3.5"

[metadata.hashes]
aiofiles = ["021ea0ba314a86027c166ecc4b4c07f2d40fc0f4b3a950d1868a0f2571c2bbee", "1e644c2573f953664368de28d2aa4c89dfd64550429d0c27c4680ccd3aa4985d"]
argh = ["a9b3aaa1904eeb78e32394cd46c6f37ac0fb4af6dc488daa58971bdc7d7fcaf3", "e9535b8c84dc9571a48999094fda7f33e63c3f1b74f3e5f3ac0105a58405bb65"]
beautifulsoup4 = ["05668158c7b85b791c5abde53e50265e16f98ad601c402ba44d70f96c4159612", "25288c9e176f354bf277c0a10aa96c782a6a18a17122dba2e8cec4a97e03343b", "f040590be10520f2ea4c2ae8c3dae441c7cfff5308ec9d58a0ec0c1b8f81d469"]
certifi = ["046832c04d4e752f37383b628bc601a7ea7211496b4638f6514d0e5b9acc4939", "945e3ba63a0b9f577b1395204e13c3a231f9bc0223888be653286534e5873695"]
chardet = ["84ab92ed1c4d4f16916e05906b6b75a6c0fb5db821cc65e70cbd64a3e2a5eaae", "fc323ffcaeaed0e0a02bf4d117757b98aed530d9ed4531e3e15460124c106691"]
httptools = ["e00cbd7ba01ff748e494248183abc6e153f49181169d8a3d41bb49132ca01dfc"]
idna = ["c357b3f628cf53ae2c4c05627ecc484553142ca23264e593d327bcde5e9c3407", "ea8b7f6188e6fa117537c3df7da9fc686d485087abf6ac197f9c46432f7e4a3c"]
keyfinder = ["1d09b15c94d1dc0883e20bbab488b1c7de4dca3b7a6fde6899f3104917d81735"]
multidict = ["024b8129695a952ebd93373e45b5d341dbb87c17ce49637b34000093f243dd4f", "041e9442b11409be5e4fc8b6a97e4bcead758ab1e11768d1e69160bdde18acc3", "045b4dd0e5f6121e6f314d81759abd2c257db4634260abcfe0d3f7083c4908ef", "047c0a04e382ef8bd74b0de01407e8d8632d7d1b4db6f2561106af812a68741b", "068167c2d7bbeebd359665ac4fff756be5ffac9cda02375b5c5a7c4777038e73", "148ff60e0fffa2f5fad2eb25aae7bef23d8f3b8bdaf947a65cdbe84a978092bc", "1d1c77013a259971a72ddaa83b9f42c80a93ff12df6a4723be99d858fa30bee3", "1d48bc124a6b7a55006d97917f695effa9725d05abe8ee78fd60d6588b8344cd", "31dfa2fc323097f8ad7acd41aa38d7c614dd1960ac6681745b6da124093dc351", "34f82db7f80c49f38b032c5abb605c458bac997a6c3142e0d6c130be6fb2b941", "3d5dd8e5998fb4ace04789d1d008e2bb532de501218519d70bb672c4c5a2fc5d", "4a6ae52bd3ee41ee0f3acf4c60ceb3f44e0e3bc52ab7da1c2b2aa6703363a3d1", "4b02a3b2a2f01d0490dd39321c74273fed0568568ea0e7ea23e02bd1fb10a10b", "4b843f8e1dd6a3195679d9838eb4670222e8b8d01bc36c9894d6c3538316fa0a", "5de53a28f40ef3c4fd57aeab6b590c2c663de87a5af76136ced519923d3efbb3", "61b2b33ede821b94fa99ce0b09c9ece049c7067a33b279f343adfe35108a4ea7", "6a3a9b0f45fd75dc05d8e93dc21b18fc1670135ec9544d1ad4acbcf6b86781d0", "76ad8e4c69dadbb31bad17c16baee61c0d1a4a73bed2590b741b2e1a46d3edd0", "7ba19b777dc00194d1b473180d4ca89a054dd18de27d0ee2e42a103ec9b7d014", "7c1b7eab7a49aa96f3db1f716f0113a8a2e93c7375dd3d5d21c4941f1405c9c5", "7fc0eee3046041387cbace9314926aa48b681202f8897f8bff3809967a049036", "8ccd1c5fff1aa1427100ce188557fc31f1e0a383ad8ec42c559aabd4ff08802d", "8e08dd76de80539d613654915a2f5196dbccc67448df291e69a88712ea21e24a", "c18498c50c59263841862ea0501da9f2b3659c00db54abfbf823a80787fde8ce", "c49db89d602c24928e68c0d510f4fcf8989d77defd01c973d6cbe27e684833b1", "ce20044d0317649ddbb4e54dab3c1bcc7483c78c27d3f58ab3d0c7e6bc60d26a", "d1071414dd06ca2eafa90c85a079169bfeb0e5f57fd0b45d44c092546fcd6fd9", "d3be11ac43ab1a3e979dac80843b42226d5d3cccd3986f2e03152720a4297cd7", "db603a1c235d110c860d5f39988ebc8218ee028f07a7cbc056ba6424372ca31b"]
mutagen = ["bb61e2456f59a9a4a259fbc08def6d01ba45a42da8eeaa97d00633b0ec5de71c"]
pathtools = ["7c35c5421a39bb82e58018febd90e3b6e5db34c5443aaaf742b3f33d4655f1c0"]
pillow = ["01a501be4ae05fd714d269cb9c9f145518e58e73faa3f140ddb67fae0c2607b1", "051de330a06c99d6f84bcf582960487835bcae3fc99365185dc2d4f65a390c0e", "07c35919f983c2c593498edcc126ad3a94154184899297cc9d27a6587672cbaa", "0ae5289948c5e0a16574750021bd8be921c27d4e3527800dc9c2c1d2abc81bf7", "0b1efce03619cdbf8bcc61cfae81fcda59249a469f31c6735ea59badd4a6f58a", "0cf0208500df8d0c3cad6383cd98a2d038b0678fd4f777a8f7e442c5faeee81d", "163136e09bd1d6c6c6026b0a662976e86c58b932b964f255ff384ecc8c3cefa3", "18e912a6ccddf28defa196bd2021fe33600cbe5da1aa2f2e2c6df15f720b73d1", "24ec3dea52339a610d34401d2d53d0fb3c7fd08e34b20c95d2ad3973193591f1", "267f8e4c0a1d7e36e97c6a604f5b03ef58e2b81c1becb4fccecddcb37e063cc7", "3273a28734175feebbe4d0a4cde04d4ed20f620b9b506d26f44379d3c72304e1", "39fbd5d62167197318a0371b2a9c699ce261b6800bb493eadde2ba30d868fe8c", "4132c78200372045bb348fcad8d52518c8f5cfc077b1089949381ee4a61f1c6d", "4baab2d2da57b0d9d544a2ce0f461374dd90ccbcf723fe46689aff906d43a964", "4c678e23006798fc8b6f4cef2eaad267d53ff4c1779bd1af8725cc11b72a63f3", "4d4bc2e6bb6861103ea4655d6b6f67af8e5336e7216e20fff3e18ffa95d7a055", "505738076350a337c1740a31646e1de09a164c62c07db3b996abdc0f9d2e50cf", "5233664eadfa342c639b9b9977190d64ad7aca4edc51a966394d7e08e7f38a9f", "52e2e56fc3706d8791761a157115dc8391319720ad60cc32992350fda74b6be2", "5337ac3280312aa065ed0a8ec1e4b6142e9f15c31baed36b5cd964745853243f", "5ccd97e0f01f42b7e35907272f0f8ad2c3660a482d799a0c564c7d50e83604d4", "5d95cb9f6cced2628f3e4de7e795e98b2659dfcc7176ab4a01a8b48c2c2f488f", "634209852cc06c0c1243cc74f8fdc8f7444d866221de51125f7b696d775ec5ca", "75d1f20bd8072eff92c5f457c266a61619a02d03ece56544195c56d41a1a0522", "7eda4c737637af74bac4b23aa82ea6fbb19002552be85f0b89bc27e3a762d239", "801ddaa69659b36abf4694fed5aa9f61d1ecf2daaa6c92541bbbbb775d97b9fe", "825aa6d222ce2c2b90d34a0ea31914e141a85edefc07e17342f1d2fdf121c07c", "87fe838f9dac0597f05f2605c0700b1926f9390c95df6af45d83141e0c514bd9", "9c215442ff8249d41ff58700e91ef61d74f47dfd431a50253e1a1ca9436b0697", "a3d90022f2202bbb14da991f26ca7a30b7e4c62bf0f8bf9825603b22d7e87494", "a631fd36a9823638fe700d9225f9698fb59d049c942d322d4c09544dc2115356", "a6523a23a205be0fe664b6b8747a5c86d55da960d9586db039eec9f5c269c0e6", "a756ecf9f4b9b3ed49a680a649af45a8767ad038de39e6c030919c2f443eb000", "ac036b6a6bac7010c58e643d78c234c2f7dc8bb7e591bd8bc3555cf4b1527c28", "b117287a5bdc81f1bac891187275ec7e829e961b8032c9e5ff38b70fd036c78f", "ba04f57d1715ca5ff74bb7f8a818bf929a204b3b3c2c2826d1e1cc3b1c13398c", "ba6ef2bd62671c7fb9cdb3277414e87a5cd38b86721039ada1464f7452ad30b2", "c8939dba1a37960a502b1a030a4465c46dd2c2bca7adf05fa3af6bea594e720e", "cd878195166723f30865e05d87cbaf9421614501a4bd48792c5ed28f90fd36ca", "cee815cc62d136e96cf76771b9d3eb58e0777ec18ea50de5cfcede8a7c429aa8", "d1722b7aa4b40cf93ac3c80d3edd48bf93b9208241d166a14ad8e7a20ee1d4f3", "d7c1c06246b05529f9984435fc4fa5a545ea26606e7f450bdbe00c153f5aeaad", "db418635ea20528f247203bf131b40636f77c8209a045b89fa3badb89e1fcea0", "e1555d4fda1db8005de72acf2ded1af660febad09b4708430091159e8ae1963e", "e9c8066249c040efdda84793a2a669076f92a301ceabe69202446abb4c5c5ef9", "e9f13711780c981d6eadd6042af40e172548c54b06266a1aabda7de192db0838", "f0e3288b92ca5dbb1649bd00e80ef652a72b657dc94989fa9c348253d179054b", "f227d7e574d050ff3996049e086e1f18c7bd2d067ef24131e50a1d3fe5831fbc", "f62b1aeb5c2ced8babd4fbba9c74cbef9de309f5ed106184b12d9778a3971f15", "f71ff657e63a9b24cac254bb8c9bd3c89c7a1b5e00ee4b3997ca1c18100dac28", "fc9a12aad714af36cf3ad0275a96a733526571e52710319855628f476dcb144e"]
pyyaml = ["0113bc0ec2ad727182326b61326afa3d1d8280ae1122493553fd6f4397f33df9", "01adf0b6c6f61bd11af6e10ca52b7d4057dd0be0343eb9283c878cf3af56aee4", "5124373960b0b3f4aa7df1707e63e9f109b5263eca5976c66e08b1c552d4eaf8", "5ca4f10adbddae56d824b2c09668e91219bb178a1eee1faa56af6f99f11bf696", "7907be34ffa3c5a32b60b95f4d95ea25361c951383a894fec31be7252b2b6f34", "7ec9b2a4ed5cad025c2278a1e6a19c011c80a3caaac804fd2d329e9cc2c287c9", "87ae4c829bb25b9fe99cf71fbb2140c448f534e24c998cc60f39ae4f94396a73", "9de9919becc9cc2ff03637872a440195ac4241c80536632fffeb6a1e25a74299", "a5a85b10e450c66b49f98846937e8cfca1db3127a9d5d1e31ca45c3d0bef4c5b", "b0997827b4f6a7c286c01c5f60384d218dca4ed7d9efa945c3e1aa623d5709ae", "b631ef96d3222e62861443cc89d6563ba3eeb816eeb96b2629345ab795e53681", "bf47c0607522fdbca6c9e817a6e81b08491de50f3766a7a0e6a5be7905961b41", "f81025eddd0327c7d4cfe9b62cf33190e1e736cc6e97502b3ec425f574b3e7a8"]
requests = ["11e007a8a2aa0323f5a921e9e6a2d7e4e67d9877e85773fba9ba6419025cbeb4", "9cf5292fcd0f598c671cfc1e0d7d1a7f13bb8085e9a590f48c010551dc6c4b31"]
sanic = ["4ce5ffd9588557caff844da0f4b478d263d0e836fa0204480a2a17958b333fe0", "e1f291cfc44627baad7e0855512c821fe3dbfe23f7d2a26561abb808d4511f14"]
sanic-cors = ["b66a6046eeb8e1e48ed704f9d7002963646d070bf66198aef149e58971b1850b", "c58007c42fc4323c47ce9ec5aaa3123b938fb43cba3b4b78a38a020a9b2b769d"]
sanic-plugins-framework = ["7bfa4d4e2b7e0ff487b2297d3e8b8697f6bc49b0c2c3967289716d30cb44d881", "9b1f8f3fa8dcbcc0397adafe919665cce10b82cc41d543ee2f317ac31513a78d"]
sentry-sdk = ["cf4b0f8401f4d146e6b8c5579b24397273126c9a0576fa7eb9581ad27b330f13", "f6e850f304382d87c5c52c01db8c0004d2ced6a0b073df2f2257168cf31b31aa"]
soupsieve = ["72b5f1aea9101cf720a36bb2327ede866fd6f1a07b1e87c92a1cc18113cbc946", "e4e9c053d59795e440163733a7fec6c5972210e1790c507e4c7b051d6c5259de"]
sqlalchemy = ["0459bf0ea6478f3e904de074d65769a11d74cdc34438ab3159250c96d089aef0"]
ujson = ["f66073e5506e91d204ab0c614a148d5aa938bdbf104751be66f8ad7a222f5f86"]
urllib3 = ["b246607a25ac80bedac05c6f282e3cdaf3afb65420fd024ac94435cabe6e18d1", "dbe59173209418ae49d485b87d1681aefa36252ee85884c31346debd19463232"]
uvloop = ["0deb6c97c5807c792dd9024bab90e6ca49e981862103cb2ea37b430c1ca0a267", "155b34d513655e753d07f499a7e811970e2d397f240dfcbec0b32a9587159c99", "1df3ddfa280206e9999ae1c777a20836eb895bcec6dc9fae2cbb6eecfafb099e", "5b19361c8767e1dc61f6367f948d4f3dc5504b9f2eba488641b3d26ec14498ba", "942cd07035510b149d6160796f4e972137130ae953871b6a98c2cf5d5ab68c2e", "c63b6c0bf33144c604dd72f7eecf2d3a3ac7405c503c67bd98128cf306efe18a", "e698a20a3b4ccb380d207f9d491d4085d7c38d364f6a0bae98684a1612a9607a"]
watchdog = ["965f658d0732de3188211932aeb0bb457587f04f63ab4c1e33eab878e9de961d"]
websockets = ["0e2f7d6567838369af074f0ef4d0b802d19fa1fee135d864acc656ceefa33136", "2a16dac282b2fdae75178d0ed3d5b9bc3258dabfae50196cbb30578d84b6f6a6", "5a1fa6072405648cb5b3688e9ed3b94be683ce4a4e5723e6f5d34859dee495c1", "5c1f55a1274df9d6a37553fef8cff2958515438c58920897675c9bc70f5a0538", "669d1e46f165e0ad152ed8197f7edead22854a6c90419f544e0f234cc9dac6c4", "695e34c4dbea18d09ab2c258994a8bf6a09564e762655408241f6a14592d2908", "6b2e03d69afa8d20253455e67b64de1a82ff8612db105113cccec35d3f8429f0", "79ca7cdda7ad4e3663ea3c43bfa8637fc5d5604c7737f19a8964781abbd1148d", "7fd2dd9a856f72e6ed06f82facfce01d119b88457cd4b47b7ae501e8e11eba9c", "82c0354ac39379d836719a77ee360ef865377aa6fdead87909d50248d0f05f4d", "8f3b956d11c5b301206382726210dc1d3bee1a9ccf7aadf895aaf31f71c3716c", "91ec98640220ae05b34b79ee88abf27f97ef7c61cf525eec57ea8fcea9f7dddb", "952be9540d83dba815569d5cb5f31708801e0bbfc3a8c5aef1890b57ed7e58bf", "99ac266af38ba1b1fe13975aea01ac0e14bb5f3a3200d2c69f05385768b8568e", "9fa122e7adb24232247f8a89f2d9070bf64b7869daf93ac5e19546b409e47e96", "a0873eadc4b8ca93e2e848d490809e0123eea154aa44ecd0109c4d0171869584", "cb998bd4d93af46b8b49ecf5a72c0a98e5cc6d57fdca6527ba78ad89d6606484", "e02e57346f6a68523e3c43bbdf35dde5c440318d1f827208ae455f6a2ace446d", "e79a5a896bcee7fff24a788d72e5c69f13e61369d055f28113e71945a7eb1559", "ee55eb6bcf23ecc975e6b47c127c201b913598f38b6a300075f84eeef2d3baff", "f1414e6cbcea8d22843e7eafdfdfae3dd1aba41d1945f6ca66e4806c07c4f454"]
